
Microsoft Visual Studio Solution File, Format Version 12.00
# Visual Studio 15
Project("{FAE04EC0-301F-11D3-BF4B-00C04F79EFBC}") = "Reform", "Reform\Reform.csproj", "{B410F39B-4641-4782-9F3B-0810F923CF13}"
EndProject
Global
	GlobalSection(SolutionConfigurationPlatforms) = preSolution
		Debug|Any CPU = Debug|Any CPU
		Release|Any CPU = Release|Any CPU
	EndGlobalSection
	GlobalSection(ProjectConfigurationPlatforms) = postSolution
		{B410F39B-4641-4782-9F3B-0810F923CF13}.Debug|Any CPU.ActiveCfg = Debug|Any CPU
		{B410F39B-4641-4782-9F3B-0810F923CF13}.Debug|Any CPU.Build.0 = Debug|Any CPU
		{B410F39B-4641-4782-9F3B-0810F923CF13}.Release|Any CPU.ActiveCfg = Release|Any CPU
		{B410F39B-4641-4782-9F3B-0810F923CF13}.Release|Any CPU.Build.0 = Release|Any CPU
	EndGlobalSection
EndGlobal
